// !$*UTF8*$!
{
	archiveVersion = 1;
	classes = {
	};
	objectVersion = 46;
	objects = {

/* Begin PBXBuildFile section */
		0207DA581B56EA530066E2B4 /* Images.xcassets in Resources */ = {isa = PBXBuildFile; fileRef = 0207DA571B56EA530066E2B4 /* Images.xcassets */; };
		02C379C061FE40A08E8066E2 /* HGImageManager.m in Sources */ = {isa = PBXBuildFile; fileRef = 9AB24336C2C54594A43E1A4E /* HGImageManager.m */; };
		15D32DB22F52474DBAF73383 /* ImageIO.framework in Frameworks */ = {isa = PBXBuildFile; fileRef = 28345A65B8FD4B92BF378458 /* ImageIO.framework */; settings = {ATTRIBUTES = (Weak, ); }; };
		1D3623260D0F684500981E51 /* AppDelegate.m in Sources */ = {isa = PBXBuildFile; fileRef = 1D3623250D0F684500981E51 /* AppDelegate.m */; };
		1D60589B0D05DD56006BFB54 /* main.m in Sources */ = {isa = PBXBuildFile; fileRef = 29B97316FDCFA39411CA2CEA /* main.m */; };
		1F133679A9D4425394442B93 /* UIColor+NSString.m in Sources */ = {isa = PBXBuildFile; fileRef = 05DC4183E09A4AFC87E65E4D /* UIColor+NSString.m */; };
		240FF552820C4A0093EC7A12 /* HGSQLManager.m in Sources */ = {isa = PBXBuildFile; fileRef = EFB696ED675B4698A4FF8497 /* HGSQLManager.m */; };
		2CBE69A53C714747A8A34F7E /* IonicKeyboard.m in Sources */ = {isa = PBXBuildFile; fileRef = 703956FDCA3F426BAD14DCC2 /* IonicKeyboard.m */; };
		301BF552109A68D80062928A /* libCordova.a in Frameworks */ = {isa = PBXBuildFile; fileRef = 301BF535109A57CC0062928A /* libCordova.a */; };
		302D95F114D2391D003F00A1 /* MainViewController.m in Sources */ = {isa = PBXBuildFile; fileRef = 302D95EF14D2391D003F00A1 /* MainViewController.m */; };
		302D95F214D2391D003F00A1 /* MainViewController.xib in Resources */ = {isa = PBXBuildFile; fileRef = 302D95F014D2391D003F00A1 /* MainViewController.xib */; };
		3047A5121AB8059700498E2A /* build-debug.xcconfig in Resources */ = {isa = PBXBuildFile; fileRef = 3047A50F1AB8059700498E2A /* build-debug.xcconfig */; };
		3047A5131AB8059700498E2A /* build-release.xcconfig in Resources */ = {isa = PBXBuildFile; fileRef = 3047A5101AB8059700498E2A /* build-release.xcconfig */; };
		3047A5141AB8059700498E2A /* build.xcconfig in Resources */ = {isa = PBXBuildFile; fileRef = 3047A5111AB8059700498E2A /* build.xcconfig */; };
		3C4115BBB5684EA582EF558A /* HGShareSDKBox.m in Sources */ = {isa = PBXBuildFile; fileRef = F754ADCB4A624EF8BF749BAE /* HGShareSDKBox.m */; };
		43361B5CF1154868BC66CEDE /* CDVJpegHeaderWriter.m in Sources */ = {isa = PBXBuildFile; fileRef = 11ECACAFD5004D2998757399 /* CDVJpegHeaderWriter.m */; };
		433FCED54A094393AE292CEE /* NSDictionary+dataManager.m in Sources */ = {isa = PBXBuildFile; fileRef = 4444BA7BCF4E48D2B48E3CD8 /* NSDictionary+dataManager.m */; };
		436869A9EA8140278EC5B891 /* CDVLogger.m in Sources */ = {isa = PBXBuildFile; fileRef = 922F52FBFB384244AAAFACD6 /* CDVLogger.m */; };
		54BEEED535204442BA0BF219 /* CDVStatusBar.m in Sources */ = {isa = PBXBuildFile; fileRef = 7215215AA2FA49AA857B6A81 /* CDVStatusBar.m */; };
		56F83BAE33824E6EABB5729F /* AVFoundation.framework in Frameworks */ = {isa = PBXBuildFile; fileRef = 47D611EA16174AB2A65E6EF9 /* AVFoundation.framework */; };
		6C35630F2B134DC39A114955 /* CDVViewController+SplashScreen.m in Sources */ = {isa = PBXBuildFile; fileRef = 4F680A6577AF4E11B0647B09 /* CDVViewController+SplashScreen.m */; };
		743FCA6C29664E0FBDF9BEC2 /* CDVDevice.m in Sources */ = {isa = PBXBuildFile; fileRef = 83CAF0B9BC664DC9B3782B14 /* CDVDevice.m */; };
		787787578B0843D59FB7A183 /* HGPlatform.m in Sources */ = {isa = PBXBuildFile; fileRef = 72F7E2CE8D6B4F57A425B9BD /* HGPlatform.m */; };
		854920AEF25A4155BA4C037A /* CDVSplashScreen.m in Sources */ = {isa = PBXBuildFile; fileRef = C463C2DAD1574450B216389D /* CDVSplashScreen.m */; };
		9FFBF0BB53A04E889ACB11BE /* CDVCamera.m in Sources */ = {isa = PBXBuildFile; fileRef = 060E2A46A1F54D5882D23615 /* CDVCamera.m */; };
		A6AF6A2D77294B31A5088A0B /* NSDictionary+Argument.m in Sources */ = {isa = PBXBuildFile; fileRef = 77D418F3BEDB496CBD07C4A5 /* NSDictionary+Argument.m */; };
		AF37E21FF389472C9A7CB4DB /* UIImage+CropScaleOrientation.m in Sources */ = {isa = PBXBuildFile; fileRef = 4EC6EE3F23B648DD91625727 /* UIImage+CropScaleOrientation.m */; };
		D0EE694D0FE743F2AB427FA5 /* CoreLocation.framework in Frameworks */ = {isa = PBXBuildFile; fileRef = FAB0B98EA08042B38EE839EC /* CoreLocation.framework */; };
		DB274D3A1DE288CD0057C162 /* libicucore.tbd in Frameworks */ = {isa = PBXBuildFile; fileRef = DB274D391DE288CD0057C162 /* libicucore.tbd */; };
		DB274D3C1DE288D50057C162 /* libz.tbd in Frameworks */ = {isa = PBXBuildFile; fileRef = DB274D3B1DE288D50057C162 /* libz.tbd */; };
		DB274D3E1DE288DE0057C162 /* libstdc++.tbd in Frameworks */ = {isa = PBXBuildFile; fileRef = DB274D3D1DE288DE0057C162 /* libstdc++.tbd */; };
		DB274D401DE288E30057C162 /* JavaScriptCore.framework in Frameworks */ = {isa = PBXBuildFile; fileRef = DB274D3F1DE288E30057C162 /* JavaScriptCore.framework */; };
		DB274D421DE288F40057C162 /* libsqlite3.tbd in Frameworks */ = {isa = PBXBuildFile; fileRef = DB274D411DE288F40057C162 /* libsqlite3.tbd */; };
		DB274D441DE289050057C162 /* MessageUI.framework in Frameworks */ = {isa = PBXBuildFile; fileRef = DB274D431DE289050057C162 /* MessageUI.framework */; };
		DB274D751DE28FD20057C162 /* ShareSDK.framework in Frameworks */ = {isa = PBXBuildFile; fileRef = DB274D481DE28FD20057C162 /* ShareSDK.framework */; };
		DB274D761DE28FD20057C162 /* ShareSDKConfigFile.bundle in Resources */ = {isa = PBXBuildFile; fileRef = DB274D4B1DE28FD20057C162 /* ShareSDKConfigFile.bundle */; };
		DB274D771DE28FD20057C162 /* ShareSDKConfigFile.framework in Frameworks */ = {isa = PBXBuildFile; fileRef = DB274D4C1DE28FD20057C162 /* ShareSDKConfigFile.framework */; };
		DB274D781DE28FD20057C162 /* ShareSDKExtension.framework in Frameworks */ = {isa = PBXBuildFile; fileRef = DB274D4D1DE28FD20057C162 /* ShareSDKExtension.framework */; };
		DB274D791DE28FD20057C162 /* ShareSDKUI.bundle in Resources */ = {isa = PBXBuildFile; fileRef = DB274D4E1DE28FD20057C162 /* ShareSDKUI.bundle */; };
		DB274D7A1DE28FD20057C162 /* ShareSDKUI.framework in Frameworks */ = {isa = PBXBuildFile; fileRef = DB274D4F1DE28FD20057C162 /* ShareSDKUI.framework */; };
		DB274D7B1DE28FD20057C162 /* CopyConnector.framework in Frameworks */ = {isa = PBXBuildFile; fileRef = DB274D511DE28FD20057C162 /* CopyConnector.framework */; };
		DB274D7C1DE28FD20057C162 /* FacebookConnector.framework in Frameworks */ = {isa = PBXBuildFile; fileRef = DB274D521DE28FD20057C162 /* FacebookConnector.framework */; };
		DB274D7D1DE28FD20057C162 /* MailConnector.framework in Frameworks */ = {isa = PBXBuildFile; fileRef = DB274D531DE28FD20057C162 /* MailConnector.framework */; };
		DB274D7E1DE28FD20057C162 /* QQConnector.framework in Frameworks */ = {isa = PBXBuildFile; fileRef = DB274D541DE28FD20057C162 /* QQConnector.framework */; };
		DB274D7F1DE28FD20057C162 /* SinaWeiboConnector.framework in Frameworks */ = {isa = PBXBuildFile; fileRef = DB274D551DE28FD20057C162 /* SinaWeiboConnector.framework */; };
		DB274D801DE28FD20057C162 /* SMSConnector.framework in Frameworks */ = {isa = PBXBuildFile; fileRef = DB274D561DE28FD20057C162 /* SMSConnector.framework */; };
		DB274D811DE28FD20057C162 /* WechatConnector.framework in Frameworks */ = {isa = PBXBuildFile; fileRef = DB274D571DE28FD20057C162 /* WechatConnector.framework */; };
		DB274D821DE28FD20057C162 /* TencentOpenAPI.framework in Frameworks */ = {isa = PBXBuildFile; fileRef = DB274D5A1DE28FD20057C162 /* TencentOpenAPI.framework */; };
		DB274D831DE28FD20057C162 /* TencentOpenApi_IOS_Bundle.bundle in Resources */ = {isa = PBXBuildFile; fileRef = DB274D5B1DE28FD20057C162 /* TencentOpenApi_IOS_Bundle.bundle */; };
		DB274D841DE28FD20057C162 /* libWeiboSDK.a in Frameworks */ = {isa = PBXBuildFile; fileRef = DB274D5D1DE28FD20057C162 /* libWeiboSDK.a */; };
		DB274D851DE28FD20057C162 /* WeiboSDK.bundle in Resources */ = {isa = PBXBuildFile; fileRef = DB274D671DE28FD20057C162 /* WeiboSDK.bundle */; };
		DB274D861DE28FD20057C162 /* libWeChatSDK.a in Frameworks */ = {isa = PBXBuildFile; fileRef = DB274D6B1DE28FD20057C162 /* libWeChatSDK.a */; };
		DB274D871DE28FD20057C162 /* read_me.txt in Resources */ = {isa = PBXBuildFile; fileRef = DB274D6C1DE28FD20057C162 /* read_me.txt */; };
		DB274D881DE28FD20057C162 /* README.txt in Resources */ = {isa = PBXBuildFile; fileRef = DB274D6D1DE28FD20057C162 /* README.txt */; };
		DB274D891DE28FD20057C162 /* MOBFoundation.framework in Frameworks */ = {isa = PBXBuildFile; fileRef = DB274D721DE28FD20057C162 /* MOBFoundation.framework */; };
		DB274D8A1DE28FD20057C162 /* ShareSDK.bundle in Resources */ = {isa = PBXBuildFile; fileRef = DB274D731DE28FD20057C162 /* ShareSDK.bundle */; };
		DB274D8B1DE28FD20057C162 /* ShareSDKConnector.framework in Frameworks */ = {isa = PBXBuildFile; fileRef = DB274D741DE28FD20057C162 /* ShareSDKConnector.framework */; };
		DB4B51FA1DD9C2330023813A /* MKAnnotationView+WebCache.m in Sources */ = {isa = PBXBuildFile; fileRef = DB4B51DA1DD9C2330023813A /* MKAnnotationView+WebCache.m */; };
		DB4B51FB1DD9C2330023813A /* NSData+ImageContentType.m in Sources */ = {isa = PBXBuildFile; fileRef = DB4B51DC1DD9C2330023813A /* NSData+ImageContentType.m */; };
		DB4B51FC1DD9C2330023813A /* SDImageCache.m in Sources */ = {isa = PBXBuildFile; fileRef = DB4B51DE1DD9C2330023813A /* SDImageCache.m */; };
		DB4B51FD1DD9C2330023813A /* SDWebImageCompat.m in Sources */ = {isa = PBXBuildFile; fileRef = DB4B51E01DD9C2330023813A /* SDWebImageCompat.m */; };
		DB4B51FE1DD9C2330023813A /* SDWebImageDecoder.m in Sources */ = {isa = PBXBuildFile; fileRef = DB4B51E21DD9C2330023813A /* SDWebImageDecoder.m */; };
		DB4B51FF1DD9C2330023813A /* SDWebImageDownloader.m in Sources */ = {isa = PBXBuildFile; fileRef = DB4B51E41DD9C2330023813A /* SDWebImageDownloader.m */; };
		DB4B52001DD9C2330023813A /* SDWebImageDownloaderOperation.m in Sources */ = {isa = PBXBuildFile; fileRef = DB4B51E61DD9C2330023813A /* SDWebImageDownloaderOperation.m */; };
		DB4B52011DD9C2330023813A /* SDWebImageManager.m in Sources */ = {isa = PBXBuildFile; fileRef = DB4B51E81DD9C2330023813A /* SDWebImageManager.m */; };
		DB4B52021DD9C2330023813A /* SDWebImagePrefetcher.m in Sources */ = {isa = PBXBuildFile; fileRef = DB4B51EB1DD9C2330023813A /* SDWebImagePrefetcher.m */; };
		DB4B52031DD9C2330023813A /* UIButton+WebCache.m in Sources */ = {isa = PBXBuildFile; fileRef = DB4B51ED1DD9C2330023813A /* UIButton+WebCache.m */; };
		DB4B52041DD9C2330023813A /* UIImage+GIF.m in Sources */ = {isa = PBXBuildFile; fileRef = DB4B51EF1DD9C2330023813A /* UIImage+GIF.m */; };
		DB4B52051DD9C2330023813A /* UIImage+MultiFormat.m in Sources */ = {isa = PBXBuildFile; fileRef = DB4B51F11DD9C2330023813A /* UIImage+MultiFormat.m */; };
		DB4B52061DD9C2330023813A /* UIImage+WebP.m in Sources */ = {isa = PBXBuildFile; fileRef = DB4B51F31DD9C2330023813A /* UIImage+WebP.m */; };
		DB4B52071DD9C2330023813A /* UIImageView+HighlightedWebCache.m in Sources */ = {isa = PBXBuildFile; fileRef = DB4B51F51DD9C2330023813A /* UIImageView+HighlightedWebCache.m */; };
		DB4B52081DD9C2330023813A /* UIImageView+WebCache.m in Sources */ = {isa = PBXBuildFile; fileRef = DB4B51F71DD9C2330023813A /* UIImageView+WebCache.m */; };
		DB4B52091DD9C2330023813A /* UIView+WebCacheOperation.m in Sources */ = {isa = PBXBuildFile; fileRef = DB4B51F91DD9C2330023813A /* UIView+WebCacheOperation.m */; };
		DBE035B81DE340C000B44DB9 /* FMDatabase.m in Sources */ = {isa = PBXBuildFile; fileRef = DBE035A61DE340C000B44DB9 /* FMDatabase.m */; };
		DBE035B91DE340C000B44DB9 /* FMDatabaseAdditions.m in Sources */ = {isa = PBXBuildFile; fileRef = DBE035A81DE340C000B44DB9 /* FMDatabaseAdditions.m */; };
		DBE035BA1DE340C000B44DB9 /* FMDatabasePool.m in Sources */ = {isa = PBXBuildFile; fileRef = DBE035AA1DE340C000B44DB9 /* FMDatabasePool.m */; };
		DBE035BB1DE340C000B44DB9 /* FMDatabaseQueue.m in Sources */ = {isa = PBXBuildFile; fileRef = DBE035AC1DE340C000B44DB9 /* FMDatabaseQueue.m */; };
		DBE035BD1DE340C000B44DB9 /* FMResultSet.m in Sources */ = {isa = PBXBuildFile; fileRef = DBE035B11DE340C000B44DB9 /* FMResultSet.m */; };
		FFB1DD983D3F4BB6999EA2E3 /* HGSQLConnection.m in Sources */ = {isa = PBXBuildFile; fileRef = 839CA1926F58451190557F0D /* HGSQLConnection.m */; };
/* End PBXBuildFile section */

/* Begin PBXContainerItemProxy section */
		301BF534109A57CC0062928A /* PBXContainerItemProxy */ = {
			isa = PBXContainerItemProxy;
			containerPortal = 301BF52D109A57CC0062928A /* CordovaLib.xcodeproj */;
			proxyType = 2;
			remoteGlobalIDString = D2AAC07E0554694100DB518D;
			remoteInfo = CordovaLib;
		};
		301BF550109A68C00062928A /* PBXContainerItemProxy */ = {
			isa = PBXContainerItemProxy;
			containerPortal = 301BF52D109A57CC0062928A /* CordovaLib.xcodeproj */;
			proxyType = 1;
			remoteGlobalIDString = D2AAC07D0554694100DB518D;
			remoteInfo = CordovaLib;
		};
/* End PBXContainerItemProxy section */

/* Begin PBXFileReference section */
		0207DA571B56EA530066E2B4 /* Images.xcassets */ = {isa = PBXFileReference; lastKnownFileType = folder.assetcatalog; name = Images.xcassets; path = PluginFac/Images.xcassets; sourceTree = SOURCE_ROOT; };
		05DC4183E09A4AFC87E65E4D /* UIColor+NSString.m */ = {isa = PBXFileReference; explicitFileType = undefined; fileEncoding = 4; includeInIndex = 0; lastKnownFileType = sourcecode.c.objc; name = "UIColor+NSString.m"; path = "hg-plugin-share/UIColor+NSString.m"; sourceTree = "<group>"; };
		060E2A46A1F54D5882D23615 /* CDVCamera.m */ = {isa = PBXFileReference; explicitFileType = undefined; fileEncoding = 4; includeInIndex = 0; lastKnownFileType = sourcecode.c.objc; name = CDVCamera.m; path = "cordova-plugin-camera/CDVCamera.m"; sourceTree = "<group>"; };
		11ECACAFD5004D2998757399 /* CDVJpegHeaderWriter.m */ = {isa = PBXFileReference; explicitFileType = undefined; fileEncoding = 4; includeInIndex = 0; lastKnownFileType = sourcecode.c.objc; name = CDVJpegHeaderWriter.m; path = "cordova-plugin-camera/CDVJpegHeaderWriter.m"; sourceTree = "<group>"; };
		1D3623240D0F684500981E51 /* AppDelegate.h */ = {isa = PBXFileReference; fileEncoding = 4; lastKnownFileType = sourcecode.c.h; path = AppDelegate.h; sourceTree = "<group>"; };
		1D3623250D0F684500981E51 /* AppDelegate.m */ = {isa = PBXFileReference; fileEncoding = 4; lastKnownFileType = sourcecode.c.objc; path = AppDelegate.m; sourceTree = "<group>"; };
		1D6058910D05DD3D006BFB54 /* PluginFac.app */ = {isa = PBXFileReference; explicitFileType = wrapper.application; includeInIndex = 0; path = PluginFac.app; sourceTree = BUILT_PRODUCTS_DIR; };
		28345A65B8FD4B92BF378458 /* ImageIO.framework */ = {isa = PBXFileReference; explicitFileType = undefined; fileEncoding = 9; includeInIndex = 0; lastKnownFileType = wrapper.framework; name = ImageIO.framework; path = System/Library/Frameworks/ImageIO.framework; sourceTree = SDKROOT; };
		29B97316FDCFA39411CA2CEA /* main.m */ = {isa = PBXFileReference; fileEncoding = 4; lastKnownFileType = sourcecode.c.objc; path = main.m; sourceTree = "<group>"; };
		301BF52D109A57CC0062928A /* CordovaLib.xcodeproj */ = {isa = PBXFileReference; lastKnownFileType = "wrapper.pb-project"; name = CordovaLib.xcodeproj; path = CordovaLib/CordovaLib.xcodeproj; sourceTree = "<group>"; };
		301BF56E109A69640062928A /* www */ = {isa = PBXFileReference; lastKnownFileType = folder; path = www; sourceTree = SOURCE_ROOT; };
		302D95EE14D2391D003F00A1 /* MainViewController.h */ = {isa = PBXFileReference; fileEncoding = 4; lastKnownFileType = sourcecode.c.h; path = MainViewController.h; sourceTree = "<group>"; };
		302D95EF14D2391D003F00A1 /* MainViewController.m */ = {isa = PBXFileReference; fileEncoding = 4; lastKnownFileType = sourcecode.c.objc; path = MainViewController.m; sourceTree = "<group>"; };
		302D95F014D2391D003F00A1 /* MainViewController.xib */ = {isa = PBXFileReference; fileEncoding = 4; lastKnownFileType = file.xib; path = MainViewController.xib; sourceTree = "<group>"; };
		3047A50F1AB8059700498E2A /* build-debug.xcconfig */ = {isa = PBXFileReference; fileEncoding = 4; lastKnownFileType = text.xcconfig; name = "build-debug.xcconfig"; path = "cordova/build-debug.xcconfig"; sourceTree = SOURCE_ROOT; };
		3047A5101AB8059700498E2A /* build-release.xcconfig */ = {isa = PBXFileReference; fileEncoding = 4; lastKnownFileType = text.xcconfig; name = "build-release.xcconfig"; path = "cordova/build-release.xcconfig"; sourceTree = SOURCE_ROOT; };
		3047A5111AB8059700498E2A /* build.xcconfig */ = {isa = PBXFileReference; fileEncoding = 4; lastKnownFileType = text.xcconfig; name = build.xcconfig; path = cordova/build.xcconfig; sourceTree = SOURCE_ROOT; };
		3052221BE770421EA986DC6C /* NSDictionary+dataManager.h */ = {isa = PBXFileReference; explicitFileType = undefined; fileEncoding = 4; includeInIndex = 0; lastKnownFileType = sourcecode.c.h; name = "NSDictionary+dataManager.h"; path = "hg-plugin-dataBase/NSDictionary+dataManager.h"; sourceTree = "<group>"; };
		32CA4F630368D1EE00C91783 /* PluginFac-Prefix.pch */ = {isa = PBXFileReference; fileEncoding = 4; lastKnownFileType = sourcecode.c.h; path = "PluginFac-Prefix.pch"; sourceTree = "<group>"; };
		371A4FD23C4A4897881F04CF /* HGShareSDKBox.h */ = {isa = PBXFileReference; explicitFileType = undefined; fileEncoding = 4; includeInIndex = 0; lastKnownFileType = sourcecode.c.h; name = HGShareSDKBox.h; path = "hg-plugin-share/HGShareSDKBox.h"; sourceTree = "<group>"; };
		379E53D1B9484AFFA3145215 /* CDVExif.h */ = {isa = PBXFileReference; explicitFileType = undefined; fileEncoding = 4; includeInIndex = 0; lastKnownFileType = sourcecode.c.h; name = CDVExif.h; path = "cordova-plugin-camera/CDVExif.h"; sourceTree = "<group>"; };
		3B447135F713438D9BB1E35C /* HGSQLConnection.h */ = {isa = PBXFileReference; explicitFileType = undefined; fileEncoding = 4; includeInIndex = 0; lastKnownFileType = sourcecode.c.h; name = HGSQLConnection.h; path = "hg-plugin-dataBase/HGSQLConnection.h"; sourceTree = "<group>"; };
		4444BA7BCF4E48D2B48E3CD8 /* NSDictionary+dataManager.m */ = {isa = PBXFileReference; explicitFileType = undefined; fileEncoding = 4; includeInIndex = 0; lastKnownFileType = sourcecode.c.objc; name = "NSDictionary+dataManager.m"; path = "hg-plugin-dataBase/NSDictionary+dataManager.m"; sourceTree = "<group>"; };
		47D611EA16174AB2A65E6EF9 /* AVFoundation.framework */ = {isa = PBXFileReference; explicitFileType = undefined; fileEncoding = 9; includeInIndex = 0; lastKnownFileType = wrapper.framework; name = AVFoundation.framework; path = System/Library/Frameworks/AVFoundation.framework; sourceTree = SDKROOT; };
		4EC6EE3F23B648DD91625727 /* UIImage+CropScaleOrientation.m */ = {isa = PBXFileReference; explicitFileType = undefined; fileEncoding = 4; includeInIndex = 0; lastKnownFileType = sourcecode.c.objc; name = "UIImage+CropScaleOrientation.m"; path = "cordova-plugin-camera/UIImage+CropScaleOrientation.m"; sourceTree = "<group>"; };
		4F680A6577AF4E11B0647B09 /* CDVViewController+SplashScreen.m */ = {isa = PBXFileReference; explicitFileType = undefined; fileEncoding = 4; includeInIndex = 0; lastKnownFileType = sourcecode.c.objc; name = "CDVViewController+SplashScreen.m"; path = "cordova-plugin-splashscreen/CDVViewController+SplashScreen.m"; sourceTree = "<group>"; };
		5AECFC2933C345DC9F07F6A6 /* HGImageManager.h */ = {isa = PBXFileReference; explicitFileType = undefined; fileEncoding = 4; includeInIndex = 0; lastKnownFileType = sourcecode.c.h; name = HGImageManager.h; path = "hg-plugin-imageBox/HGImageManager.h"; sourceTree = "<group>"; };
		703956FDCA3F426BAD14DCC2 /* IonicKeyboard.m */ = {isa = PBXFileReference; explicitFileType = undefined; fileEncoding = 4; includeInIndex = 0; lastKnownFileType = sourcecode.c.objc; name = IonicKeyboard.m; path = "ionic-plugin-keyboard/IonicKeyboard.m"; sourceTree = "<group>"; };
		7215215AA2FA49AA857B6A81 /* CDVStatusBar.m */ = {isa = PBXFileReference; explicitFileType = undefined; fileEncoding = 4; includeInIndex = 0; lastKnownFileType = sourcecode.c.objc; name = CDVStatusBar.m; path = "cordova-plugin-statusbar/CDVStatusBar.m"; sourceTree = "<group>"; };
		72F7E2CE8D6B4F57A425B9BD /* HGPlatform.m */ = {isa = PBXFileReference; explicitFileType = undefined; fileEncoding = 4; includeInIndex = 0; lastKnownFileType = sourcecode.c.objc; name = HGPlatform.m; path = "hg-plugin-share/HGPlatform.m"; sourceTree = "<group>"; };
		7475AE94885144648FAF5619 /* HGSQLManager.h */ = {isa = PBXFileReference; explicitFileType = undefined; fileEncoding = 4; includeInIndex = 0; lastKnownFileType = sourcecode.c.h; name = HGSQLManager.h; path = "hg-plugin-dataBase/HGSQLManager.h"; sourceTree = "<group>"; };
		77D418F3BEDB496CBD07C4A5 /* NSDictionary+Argument.m */ = {isa = PBXFileReference; explicitFileType = undefined; fileEncoding = 4; includeInIndex = 0; lastKnownFileType = sourcecode.c.objc; name = "NSDictionary+Argument.m"; path = "hg-plugin-share/NSDictionary+Argument.m"; sourceTree = "<group>"; };
		79D39F0AF9884A7695110553 /* UIColor+NSString.h */ = {isa = PBXFileReference; explicitFileType = undefined; fileEncoding = 4; includeInIndex = 0; lastKnownFileType = sourcecode.c.h; name = "UIColor+NSString.h"; path = "hg-plugin-share/UIColor+NSString.h"; sourceTree = "<group>"; };
		839CA1926F58451190557F0D /* HGSQLConnection.m */ = {isa = PBXFileReference; explicitFileType = undefined; fileEncoding = 4; includeInIndex = 0; lastKnownFileType = sourcecode.c.objc; name = HGSQLConnection.m; path = "hg-plugin-dataBase/HGSQLConnection.m"; sourceTree = "<group>"; };
		83CAF0B9BC664DC9B3782B14 /* CDVDevice.m */ = {isa = PBXFileReference; explicitFileType = undefined; fileEncoding = 4; includeInIndex = 0; lastKnownFileType = sourcecode.c.objc; name = CDVDevice.m; path = "cordova-plugin-device/CDVDevice.m"; sourceTree = "<group>"; };
		86FE686546EB40CFB1CA68C6 /* CDVViewController+SplashScreen.h */ = {isa = PBXFileReference; explicitFileType = undefined; fileEncoding = 4; includeInIndex = 0; lastKnownFileType = sourcecode.c.h; name = "CDVViewController+SplashScreen.h"; path = "cordova-plugin-splashscreen/CDVViewController+SplashScreen.h"; sourceTree = "<group>"; };
		8D1107310486CEB800E47090 /* PluginFac-Info.plist */ = {isa = PBXFileReference; fileEncoding = 4; lastKnownFileType = text.plist.xml; name = "PluginFac-Info.plist"; path = "PluginFac/PluginFac-Info.plist"; plistStructureDefinitionIdentifier = "com.apple.xcode.plist.structure-definition.iphone.info-plist"; sourceTree = SOURCE_ROOT; };
		922F52FBFB384244AAAFACD6 /* CDVLogger.m */ = {isa = PBXFileReference; explicitFileType = undefined; fileEncoding = 4; includeInIndex = 0; lastKnownFileType = sourcecode.c.objc; name = CDVLogger.m; path = "cordova-plugin-console/CDVLogger.m"; sourceTree = "<group>"; };
		954B8C591C3D4841AAA12CB7 /* CDVJpegHeaderWriter.h */ = {isa = PBXFileReference; explicitFileType = undefined; fileEncoding = 4; includeInIndex = 0; lastKnownFileType = sourcecode.c.h; name = CDVJpegHeaderWriter.h; path = "cordova-plugin-camera/CDVJpegHeaderWriter.h"; sourceTree = "<group>"; };
		98035F39584B4E0AA8E926CB /* HGPlatform.h */ = {isa = PBXFileReference; explicitFileType = undefined; fileEncoding = 4; includeInIndex = 0; lastKnownFileType = sourcecode.c.h; name = HGPlatform.h; path = "hg-plugin-share/HGPlatform.h"; sourceTree = "<group>"; };
		9AB24336C2C54594A43E1A4E /* HGImageManager.m */ = {isa = PBXFileReference; explicitFileType = undefined; fileEncoding = 4; includeInIndex = 0; lastKnownFileType = sourcecode.c.objc; name = HGImageManager.m; path = "hg-plugin-imageBox/HGImageManager.m"; sourceTree = "<group>"; };
		9B1BB6A62905472EB223DDE4 /* CDVDevice.h */ = {isa = PBXFileReference; explicitFileType = undefined; fileEncoding = 4; includeInIndex = 0; lastKnownFileType = sourcecode.c.h; name = CDVDevice.h; path = "cordova-plugin-device/CDVDevice.h"; sourceTree = "<group>"; };
		9DFB337E20424DEFAD94A73D /* IonicKeyboard.h */ = {isa = PBXFileReference; explicitFileType = undefined; fileEncoding = 4; includeInIndex = 0; lastKnownFileType = sourcecode.c.h; name = IonicKeyboard.h; path = "ionic-plugin-keyboard/IonicKeyboard.h"; sourceTree = "<group>"; };
		AAD57D90FCFE42688E2C3352 /* UIImage+CropScaleOrientation.h */ = {isa = PBXFileReference; explicitFileType = undefined; fileEncoding = 4; includeInIndex = 0; lastKnownFileType = sourcecode.c.h; name = "UIImage+CropScaleOrientation.h"; path = "cordova-plugin-camera/UIImage+CropScaleOrientation.h"; sourceTree = "<group>"; };
		B8FA5BF8009542B2B17CFF31 /* CDVCamera.h */ = {isa = PBXFileReference; explicitFileType = undefined; fileEncoding = 4; includeInIndex = 0; lastKnownFileType = sourcecode.c.h; name = CDVCamera.h; path = "cordova-plugin-camera/CDVCamera.h"; sourceTree = "<group>"; };
		BCC60700A96548BC8E836A44 /* CDVStatusBar.h */ = {isa = PBXFileReference; explicitFileType = undefined; fileEncoding = 4; includeInIndex = 0; lastKnownFileType = sourcecode.c.h; name = CDVStatusBar.h; path = "cordova-plugin-statusbar/CDVStatusBar.h"; sourceTree = "<group>"; };
		C463C2DAD1574450B216389D /* CDVSplashScreen.m */ = {isa = PBXFileReference; explicitFileType = undefined; fileEncoding = 4; includeInIndex = 0; lastKnownFileType = sourcecode.c.objc; name = CDVSplashScreen.m; path = "cordova-plugin-splashscreen/CDVSplashScreen.m"; sourceTree = "<group>"; };
		D20A92FF116C421593B55E76 /* NSDictionary+Argument.h */ = {isa = PBXFileReference; explicitFileType = undefined; fileEncoding = 4; includeInIndex = 0; lastKnownFileType = sourcecode.c.h; name = "NSDictionary+Argument.h"; path = "hg-plugin-share/NSDictionary+Argument.h"; sourceTree = "<group>"; };
		DB274D391DE288CD0057C162 /* libicucore.tbd */ = {isa = PBXFileReference; lastKnownFileType = "sourcecode.text-based-dylib-definition"; name = libicucore.tbd; path = usr/lib/libicucore.tbd; sourceTree = SDKROOT; };
		DB274D3B1DE288D50057C162 /* libz.tbd */ = {isa = PBXFileReference; lastKnownFileType = "sourcecode.text-based-dylib-definition"; name = libz.tbd; path = usr/lib/libz.tbd; sourceTree = SDKROOT; };
		DB274D3D1DE288DE0057C162 /* libstdc++.tbd */ = {isa = PBXFileReference; lastKnownFileType = "sourcecode.text-based-dylib-definition"; name = "libstdc++.tbd"; path = "usr/lib/libstdc++.tbd"; sourceTree = SDKROOT; };
		DB274D3F1DE288E30057C162 /* JavaScriptCore.framework */ = {isa = PBXFileReference; lastKnownFileType = wrapper.framework; name = JavaScriptCore.framework; path = System/Library/Frameworks/JavaScriptCore.framework; sourceTree = SDKROOT; };
		DB274D411DE288F40057C162 /* libsqlite3.tbd */ = {isa = PBXFileReference; lastKnownFileType = "sourcecode.text-based-dylib-definition"; name = libsqlite3.tbd; path = usr/lib/libsqlite3.tbd; sourceTree = SDKROOT; };
		DB274D431DE289050057C162 /* MessageUI.framework */ = {isa = PBXFileReference; lastKnownFileType = wrapper.framework; name = MessageUI.framework; path = System/Library/Frameworks/MessageUI.framework; sourceTree = SDKROOT; };
		DB274D481DE28FD20057C162 /* ShareSDK.framework */ = {isa = PBXFileReference; lastKnownFileType = wrapper.framework; path = ShareSDK.framework; sourceTree = "<group>"; };
		DB274D4B1DE28FD20057C162 /* ShareSDKConfigFile.bundle */ = {isa = PBXFileReference; lastKnownFileType = "wrapper.plug-in"; path = ShareSDKConfigFile.bundle; sourceTree = "<group>"; };
		DB274D4C1DE28FD20057C162 /* ShareSDKConfigFile.framework */ = {isa = PBXFileReference; lastKnownFileType = wrapper.framework; path = ShareSDKConfigFile.framework; sourceTree = "<group>"; };
		DB274D4D1DE28FD20057C162 /* ShareSDKExtension.framework */ = {isa = PBXFileReference; lastKnownFileType = wrapper.framework; path = ShareSDKExtension.framework; sourceTree = "<group>"; };
		DB274D4E1DE28FD20057C162 /* ShareSDKUI.bundle */ = {isa = PBXFileReference; lastKnownFileType = "wrapper.plug-in"; path = ShareSDKUI.bundle; sourceTree = "<group>"; };
		DB274D4F1DE28FD20057C162 /* ShareSDKUI.framework */ = {isa = PBXFileReference; lastKnownFileType = wrapper.framework; path = ShareSDKUI.framework; sourceTree = "<group>"; };
		DB274D511DE28FD20057C162 /* CopyConnector.framework */ = {isa = PBXFileReference; lastKnownFileType = wrapper.framework; path = CopyConnector.framework; sourceTree = "<group>"; };
		DB274D521DE28FD20057C162 /* FacebookConnector.framework */ = {isa = PBXFileReference; lastKnownFileType = wrapper.framework; path = FacebookConnector.framework; sourceTree = "<group>"; };
		DB274D531DE28FD20057C162 /* MailConnector.framework */ = {isa = PBXFileReference; lastKnownFileType = wrapper.framework; path = MailConnector.framework; sourceTree = "<group>"; };
		DB274D541DE28FD20057C162 /* QQConnector.framework */ = {isa = PBXFileReference; lastKnownFileType = wrapper.framework; path = QQConnector.framework; sourceTree = "<group>"; };
		DB274D551DE28FD20057C162 /* SinaWeiboConnector.framework */ = {isa = PBXFileReference; lastKnownFileType = wrapper.framework; path = SinaWeiboConnector.framework; sourceTree = "<group>"; };
		DB274D561DE28FD20057C162 /* SMSConnector.framework */ = {isa = PBXFileReference; lastKnownFileType = wrapper.framework; path = SMSConnector.framework; sourceTree = "<group>"; };
		DB274D571DE28FD20057C162 /* WechatConnector.framework */ = {isa = PBXFileReference; lastKnownFileType = wrapper.framework; path = WechatConnector.framework; sourceTree = "<group>"; };
		DB274D5A1DE28FD20057C162 /* TencentOpenAPI.framework */ = {isa = PBXFileReference; lastKnownFileType = wrapper.framework; path = TencentOpenAPI.framework; sourceTree = "<group>"; };
		DB274D5B1DE28FD20057C162 /* TencentOpenApi_IOS_Bundle.bundle */ = {isa = PBXFileReference; lastKnownFileType = "wrapper.plug-in"; path = TencentOpenApi_IOS_Bundle.bundle; sourceTree = "<group>"; };
		DB274D5D1DE28FD20057C162 /* libWeiboSDK.a */ = {isa = PBXFileReference; lastKnownFileType = archive.ar; path = libWeiboSDK.a; sourceTree = "<group>"; };
		DB274D5E1DE28FD20057C162 /* WBHttpRequest+WeiboGame.h */ = {isa = PBXFileReference; fileEncoding = 4; lastKnownFileType = sourcecode.c.h; path = "WBHttpRequest+WeiboGame.h"; sourceTree = "<group>"; };
		DB274D5F1DE28FD20057C162 /* WBHttpRequest+WeiboShare.h */ = {isa = PBXFileReference; fileEncoding = 4; lastKnownFileType = sourcecode.c.h; path = "WBHttpRequest+WeiboShare.h"; sourceTree = "<group>"; };
		DB274D601DE28FD20057C162 /* WBHttpRequest+WeiboToken.h */ = {isa = PBXFileReference; fileEncoding = 4; lastKnownFileType = sourcecode.c.h; path = "WBHttpRequest+WeiboToken.h"; sourceTree = "<group>"; };
		DB274D611DE28FD20057C162 /* WBHttpRequest+WeiboUser.h */ = {isa = PBXFileReference; fileEncoding = 4; lastKnownFileType = sourcecode.c.h; path = "WBHttpRequest+WeiboUser.h"; sourceTree = "<group>"; };
		DB274D621DE28FD20057C162 /* WBHttpRequest.h */ = {isa = PBXFileReference; fileEncoding = 4; lastKnownFileType = sourcecode.c.h; path = WBHttpRequest.h; sourceTree = "<group>"; };
		DB274D631DE28FD20057C162 /* WBSDKBasicButton.h */ = {isa = PBXFileReference; fileEncoding = 4; lastKnownFileType = sourcecode.c.h; path = WBSDKBasicButton.h; sourceTree = "<group>"; };
		DB274D641DE28FD20057C162 /* WBSDKCommentButton.h */ = {isa = PBXFileReference; fileEncoding = 4; lastKnownFileType = sourcecode.c.h; path = WBSDKCommentButton.h; sourceTree = "<group>"; };
		DB274D651DE28FD20057C162 /* WBSDKRelationshipButton.h */ = {isa = PBXFileReference; fileEncoding = 4; lastKnownFileType = sourcecode.c.h; path = WBSDKRelationshipButton.h; sourceTree = "<group>"; };
		DB274D661DE28FD20057C162 /* WeiboSDK+Statistics.h */ = {isa = PBXFileReference; fileEncoding = 4; lastKnownFileType = sourcecode.c.h; path = "WeiboSDK+Statistics.h"; sourceTree = "<group>"; };
		DB274D671DE28FD20057C162 /* WeiboSDK.bundle */ = {isa = PBXFileReference; lastKnownFileType = "wrapper.plug-in"; path = WeiboSDK.bundle; sourceTree = "<group>"; };
		DB274D681DE28FD20057C162 /* WeiboSDK.h */ = {isa = PBXFileReference; fileEncoding = 4; lastKnownFileType = sourcecode.c.h; path = WeiboSDK.h; sourceTree = "<group>"; };
		DB274D691DE28FD20057C162 /* WeiboUser.h */ = {isa = PBXFileReference; fileEncoding = 4; lastKnownFileType = sourcecode.c.h; path = WeiboUser.h; sourceTree = "<group>"; };
		DB274D6B1DE28FD20057C162 /* libWeChatSDK.a */ = {isa = PBXFileReference; lastKnownFileType = archive.ar; path = libWeChatSDK.a; sourceTree = "<group>"; };
		DB274D6C1DE28FD20057C162 /* read_me.txt */ = {isa = PBXFileReference; fileEncoding = 4; lastKnownFileType = text; path = read_me.txt; sourceTree = "<group>"; };
		DB274D6D1DE28FD20057C162 /* README.txt */ = {isa = PBXFileReference; fileEncoding = 4; lastKnownFileType = text; path = README.txt; sourceTree = "<group>"; };
		DB274D6E1DE28FD20057C162 /* WechatAuthSDK.h */ = {isa = PBXFileReference; fileEncoding = 4; lastKnownFileType = sourcecode.c.h; path = WechatAuthSDK.h; sourceTree = "<group>"; };
		DB274D6F1DE28FD20057C162 /* WXApi.h */ = {isa = PBXFileReference; fileEncoding = 4; lastKnownFileType = sourcecode.c.h; path = WXApi.h; sourceTree = "<group>"; };
		DB274D701DE28FD20057C162 /* WXApiObject.h */ = {isa = PBXFileReference; fileEncoding = 4; lastKnownFileType = sourcecode.c.h; path = WXApiObject.h; sourceTree = "<group>"; };
		DB274D721DE28FD20057C162 /* MOBFoundation.framework */ = {isa = PBXFileReference; lastKnownFileType = wrapper.framework; path = MOBFoundation.framework; sourceTree = "<group>"; };
		DB274D731DE28FD20057C162 /* ShareSDK.bundle */ = {isa = PBXFileReference; lastKnownFileType = "wrapper.plug-in"; path = ShareSDK.bundle; sourceTree = "<group>"; };
		DB274D741DE28FD20057C162 /* ShareSDKConnector.framework */ = {isa = PBXFileReference; lastKnownFileType = wrapper.framework; path = ShareSDKConnector.framework; sourceTree = "<group>"; };
		DB4B51D91DD9C2330023813A /* MKAnnotationView+WebCache.h */ = {isa = PBXFileReference; fileEncoding = 4; lastKnownFileType = sourcecode.c.h; path = "MKAnnotationView+WebCache.h"; sourceTree = "<group>"; };
		DB4B51DA1DD9C2330023813A /* MKAnnotationView+WebCache.m */ = {isa = PBXFileReference; fileEncoding = 4; lastKnownFileType = sourcecode.c.objc; path = "MKAnnotationView+WebCache.m"; sourceTree = "<group>"; };
		DB4B51DB1DD9C2330023813A /* NSData+ImageContentType.h */ = {isa = PBXFileReference; fileEncoding = 4; lastKnownFileType = sourcecode.c.h; path = "NSData+ImageContentType.h"; sourceTree = "<group>"; };
		DB4B51DC1DD9C2330023813A /* NSData+ImageContentType.m */ = {isa = PBXFileReference; fileEncoding = 4; lastKnownFileType = sourcecode.c.objc; path = "NSData+ImageContentType.m"; sourceTree = "<group>"; };
		DB4B51DD1DD9C2330023813A /* SDImageCache.h */ = {isa = PBXFileReference; fileEncoding = 4; lastKnownFileType = sourcecode.c.h; path = SDImageCache.h; sourceTree = "<group>"; };
		DB4B51DE1DD9C2330023813A /* SDImageCache.m */ = {isa = PBXFileReference; fileEncoding = 4; lastKnownFileType = sourcecode.c.objc; path = SDImageCache.m; sourceTree = "<group>"; };
		DB4B51DF1DD9C2330023813A /* SDWebImageCompat.h */ = {isa = PBXFileReference; fileEncoding = 4; lastKnownFileType = sourcecode.c.h; path = SDWebImageCompat.h; sourceTree = "<group>"; };
		DB4B51E01DD9C2330023813A /* SDWebImageCompat.m */ = {isa = PBXFileReference; fileEncoding = 4; lastKnownFileType = sourcecode.c.objc; path = SDWebImageCompat.m; sourceTree = "<group>"; };
		DB4B51E11DD9C2330023813A /* SDWebImageDecoder.h */ = {isa = PBXFileReference; fileEncoding = 4; lastKnownFileType = sourcecode.c.h; path = SDWebImageDecoder.h; sourceTree = "<group>"; };
		DB4B51E21DD9C2330023813A /* SDWebImageDecoder.m */ = {isa = PBXFileReference; fileEncoding = 4; lastKnownFileType = sourcecode.c.objc; path = SDWebImageDecoder.m; sourceTree = "<group>"; };
		DB4B51E31DD9C2330023813A /* SDWebImageDownloader.h */ = {isa = PBXFileReference; fileEncoding = 4; lastKnownFileType = sourcecode.c.h; path = SDWebImageDownloader.h; sourceTree = "<group>"; };
		DB4B51E41DD9C2330023813A /* SDWebImageDownloader.m */ = {isa = PBXFileReference; fileEncoding = 4; lastKnownFileType = sourcecode.c.objc; path = SDWebImageDownloader.m; sourceTree = "<group>"; };
		DB4B51E51DD9C2330023813A /* SDWebImageDownloaderOperation.h */ = {isa = PBXFileReference; fileEncoding = 4; lastKnownFileType = sourcecode.c.h; path = SDWebImageDownloaderOperation.h; sourceTree = "<group>"; };
		DB4B51E61DD9C2330023813A /* SDWebImageDownloaderOperation.m */ = {isa = PBXFileReference; fileEncoding = 4; lastKnownFileType = sourcecode.c.objc; path = SDWebImageDownloaderOperation.m; sourceTree = "<group>"; };
		DB4B51E71DD9C2330023813A /* SDWebImageManager.h */ = {isa = PBXFileReference; fileEncoding = 4; lastKnownFileType = sourcecode.c.h; path = SDWebImageManager.h; sourceTree = "<group>"; };
		DB4B51E81DD9C2330023813A /* SDWebImageManager.m */ = {isa = PBXFileReference; fileEncoding = 4; lastKnownFileType = sourcecode.c.objc; path = SDWebImageManager.m; sourceTree = "<group>"; };
		DB4B51E91DD9C2330023813A /* SDWebImageOperation.h */ = {isa = PBXFileReference; fileEncoding = 4; lastKnownFileType = sourcecode.c.h; path = SDWebImageOperation.h; sourceTree = "<group>"; };
		DB4B51EA1DD9C2330023813A /* SDWebImagePrefetcher.h */ = {isa = PBXFileReference; fileEncoding = 4; lastKnownFileType = sourcecode.c.h; path = SDWebImagePrefetcher.h; sourceTree = "<group>"; };
		DB4B51EB1DD9C2330023813A /* SDWebImagePrefetcher.m */ = {isa = PBXFileReference; fileEncoding = 4; lastKnownFileType = sourcecode.c.objc; path = SDWebImagePrefetcher.m; sourceTree = "<group>"; };
		DB4B51EC1DD9C2330023813A /* UIButton+WebCache.h */ = {isa = PBXFileReference; fileEncoding = 4; lastKnownFileType = sourcecode.c.h; path = "UIButton+WebCache.h"; sourceTree = "<group>"; };
		DB4B51ED1DD9C2330023813A /* UIButton+WebCache.m */ = {isa = PBXFileReference; fileEncoding = 4; lastKnownFileType = sourcecode.c.objc; path = "UIButton+WebCache.m"; sourceTree = "<group>"; };
		DB4B51EE1DD9C2330023813A /* UIImage+GIF.h */ = {isa = PBXFileReference; fileEncoding = 4; lastKnownFileType = sourcecode.c.h; path = "UIImage+GIF.h"; sourceTree = "<group>"; };
		DB4B51EF1DD9C2330023813A /* UIImage+GIF.m */ = {isa = PBXFileReference; fileEncoding = 4; lastKnownFileType = sourcecode.c.objc; path = "UIImage+GIF.m"; sourceTree = "<group>"; };
		DB4B51F01DD9C2330023813A /* UIImage+MultiFormat.h */ = {isa = PBXFileReference; fileEncoding = 4; lastKnownFileType = sourcecode.c.h; path = "UIImage+MultiFormat.h"; sourceTree = "<group>"; };
		DB4B51F11DD9C2330023813A /* UIImage+MultiFormat.m */ = {isa = PBXFileReference; fileEncoding = 4; lastKnownFileType = sourcecode.c.objc; path = "UIImage+MultiFormat.m"; sourceTree = "<group>"; };
		DB4B51F21DD9C2330023813A /* UIImage+WebP.h */ = {isa = PBXFileReference; fileEncoding = 4; lastKnownFileType = sourcecode.c.h; path = "UIImage+WebP.h"; sourceTree = "<group>"; };
		DB4B51F31DD9C2330023813A /* UIImage+WebP.m */ = {isa = PBXFileReference; fileEncoding = 4; lastKnownFileType = sourcecode.c.objc; path = "UIImage+WebP.m"; sourceTree = "<group>"; };
		DB4B51F41DD9C2330023813A /* UIImageView+HighlightedWebCache.h */ = {isa = PBXFileReference; fileEncoding = 4; lastKnownFileType = sourcecode.c.h; path = "UIImageView+HighlightedWebCache.h"; sourceTree = "<group>"; };
		DB4B51F51DD9C2330023813A /* UIImageView+HighlightedWebCache.m */ = {isa = PBXFileReference; fileEncoding = 4; lastKnownFileType = sourcecode.c.objc; path = "UIImageView+HighlightedWebCache.m"; sourceTree = "<group>"; };
		DB4B51F61DD9C2330023813A /* UIImageView+WebCache.h */ = {isa = PBXFileReference; fileEncoding = 4; lastKnownFileType = sourcecode.c.h; path = "UIImageView+WebCache.h"; sourceTree = "<group>"; };
		DB4B51F71DD9C2330023813A /* UIImageView+WebCache.m */ = {isa = PBXFileReference; fileEncoding = 4; lastKnownFileType = sourcecode.c.objc; path = "UIImageView+WebCache.m"; sourceTree = "<group>"; };
		DB4B51F81DD9C2330023813A /* UIView+WebCacheOperation.h */ = {isa = PBXFileReference; fileEncoding = 4; lastKnownFileType = sourcecode.c.h; path = "UIView+WebCacheOperation.h"; sourceTree = "<group>"; };
		DB4B51F91DD9C2330023813A /* UIView+WebCacheOperation.m */ = {isa = PBXFileReference; fileEncoding = 4; lastKnownFileType = sourcecode.c.objc; path = "UIView+WebCacheOperation.m"; sourceTree = "<group>"; };
		DBE035A51DE340C000B44DB9 /* FMDatabase.h */ = {isa = PBXFileReference; fileEncoding = 4; lastKnownFileType = sourcecode.c.h; path = FMDatabase.h; sourceTree = "<group>"; };
		DBE035A61DE340C000B44DB9 /* FMDatabase.m */ = {isa = PBXFileReference; fileEncoding = 4; lastKnownFileType = sourcecode.c.objc; path = FMDatabase.m; sourceTree = "<group>"; };
		DBE035A71DE340C000B44DB9 /* FMDatabaseAdditions.h */ = {isa = PBXFileReference; fileEncoding = 4; lastKnownFileType = sourcecode.c.h; path = FMDatabaseAdditions.h; sourceTree = "<group>"; };
		DBE035A81DE340C000B44DB9 /* FMDatabaseAdditions.m */ = {isa = PBXFileReference; fileEncoding = 4; lastKnownFileType = sourcecode.c.objc; path = FMDatabaseAdditions.m; sourceTree = "<group>"; };
		DBE035A91DE340C000B44DB9 /* FMDatabasePool.h */ = {isa = PBXFileReference; fileEncoding = 4; lastKnownFileType = sourcecode.c.h; path = FMDatabasePool.h; sourceTree = "<group>"; };
		DBE035AA1DE340C000B44DB9 /* FMDatabasePool.m */ = {isa = PBXFileReference; fileEncoding = 4; lastKnownFileType = sourcecode.c.objc; path = FMDatabasePool.m; sourceTree = "<group>"; };
		DBE035AB1DE340C000B44DB9 /* FMDatabaseQueue.h */ = {isa = PBXFileReference; fileEncoding = 4; lastKnownFileType = sourcecode.c.h; path = FMDatabaseQueue.h; sourceTree = "<group>"; };
		DBE035AC1DE340C000B44DB9 /* FMDatabaseQueue.m */ = {isa = PBXFileReference; fileEncoding = 4; lastKnownFileType = sourcecode.c.objc; path = FMDatabaseQueue.m; sourceTree = "<group>"; };
		DBE035AD1DE340C000B44DB9 /* FMDB.h */ = {isa = PBXFileReference; fileEncoding = 4; lastKnownFileType = sourcecode.c.h; path = FMDB.h; sourceTree = "<group>"; };
		DBE035B01DE340C000B44DB9 /* FMResultSet.h */ = {isa = PBXFileReference; fileEncoding = 4; lastKnownFileType = sourcecode.c.h; path = FMResultSet.h; sourceTree = "<group>"; };
		DBE035B11DE340C000B44DB9 /* FMResultSet.m */ = {isa = PBXFileReference; fileEncoding = 4; lastKnownFileType = sourcecode.c.objc; path = FMResultSet.m; sourceTree = "<group>"; };
		EB87FDF31871DA8E0020F90C /* www */ = {isa = PBXFileReference; lastKnownFileType = folder; name = www; path = ../../www; sourceTree = "<group>"; };
		EB87FDF41871DAF40020F90C /* config.xml */ = {isa = PBXFileReference; lastKnownFileType = text.xml; name = config.xml; path = ../../config.xml; sourceTree = "<group>"; };
		ED33DF2A687741AEAF9F8254 /* Bridging-Header.h */ = {isa = PBXFileReference; fileEncoding = 4; lastKnownFileType = sourcecode.c.h; path = "Bridging-Header.h"; sourceTree = "<group>"; };
		EFB696ED675B4698A4FF8497 /* HGSQLManager.m */ = {isa = PBXFileReference; explicitFileType = undefined; fileEncoding = 4; includeInIndex = 0; lastKnownFileType = sourcecode.c.objc; name = HGSQLManager.m; path = "hg-plugin-dataBase/HGSQLManager.m"; sourceTree = "<group>"; };
		F1869851AA4B4280B26EF5A5 /* CDVLogger.h */ = {isa = PBXFileReference; explicitFileType = undefined; fileEncoding = 4; includeInIndex = 0; lastKnownFileType = sourcecode.c.h; name = CDVLogger.h; path = "cordova-plugin-console/CDVLogger.h"; sourceTree = "<group>"; };
		F36E04AE0852440CAEA103A2 /* CDVSplashScreen.h */ = {isa = PBXFileReference; explicitFileType = undefined; fileEncoding = 4; includeInIndex = 0; lastKnownFileType = sourcecode.c.h; name = CDVSplashScreen.h; path = "cordova-plugin-splashscreen/CDVSplashScreen.h"; sourceTree = "<group>"; };
		F754ADCB4A624EF8BF749BAE /* HGShareSDKBox.m */ = {isa = PBXFileReference; explicitFileType = undefined; fileEncoding = 4; includeInIndex = 0; lastKnownFileType = sourcecode.c.objc; name = HGShareSDKBox.m; path = "hg-plugin-share/HGShareSDKBox.m"; sourceTree = "<group>"; };
		F840E1F0165FE0F500CFE078 /* config.xml */ = {isa = PBXFileReference; lastKnownFileType = text.xml; name = config.xml; path = PluginFac/config.xml; sourceTree = "<group>"; };
		FAB0B98EA08042B38EE839EC /* CoreLocation.framework */ = {isa = PBXFileReference; explicitFileType = undefined; fileEncoding = 9; includeInIndex = 0; lastKnownFileType = wrapper.framework; name = CoreLocation.framework; path = System/Library/Frameworks/CoreLocation.framework; sourceTree = SDKROOT; };
/* End PBXFileReference section */

/* Begin PBXFrameworksBuildPhase section */
		1D60588F0D05DD3D006BFB54 /* Frameworks */ = {
			isa = PBXFrameworksBuildPhase;
			buildActionMask = 2147483647;
			files = (
				DB274D421DE288F40057C162 /* libsqlite3.tbd in Frameworks */,
				DB274D441DE289050057C162 /* MessageUI.framework in Frameworks */,
				DB274D811DE28FD20057C162 /* WechatConnector.framework in Frameworks */,
				DB274D861DE28FD20057C162 /* libWeChatSDK.a in Frameworks */,
				DB274D7D1DE28FD20057C162 /* MailConnector.framework in Frameworks */,
				DB274D841DE28FD20057C162 /* libWeiboSDK.a in Frameworks */,
				15D32DB22F52474DBAF73383 /* ImageIO.framework in Frameworks */,
				DB274D891DE28FD20057C162 /* MOBFoundation.framework in Frameworks */,
				DB274D401DE288E30057C162 /* JavaScriptCore.framework in Frameworks */,
				DB274D3E1DE288DE0057C162 /* libstdc++.tbd in Frameworks */,
				DB274D751DE28FD20057C162 /* ShareSDK.framework in Frameworks */,
				DB274D3C1DE288D50057C162 /* libz.tbd in Frameworks */,
				DB274D7E1DE28FD20057C162 /* QQConnector.framework in Frameworks */,
				DB274D781DE28FD20057C162 /* ShareSDKExtension.framework in Frameworks */,
				DB274D771DE28FD20057C162 /* ShareSDKConfigFile.framework in Frameworks */,
				DB274D3A1DE288CD0057C162 /* libicucore.tbd in Frameworks */,
				DB274D801DE28FD20057C162 /* SMSConnector.framework in Frameworks */,
				DB274D7F1DE28FD20057C162 /* SinaWeiboConnector.framework in Frameworks */,
				301BF552109A68D80062928A /* libCordova.a in Frameworks */,
				DB274D7A1DE28FD20057C162 /* ShareSDKUI.framework in Frameworks */,
				DB274D7C1DE28FD20057C162 /* FacebookConnector.framework in Frameworks */,
				DB274D7B1DE28FD20057C162 /* CopyConnector.framework in Frameworks */,
				DB274D821DE28FD20057C162 /* TencentOpenAPI.framework in Frameworks */,
				D0EE694D0FE743F2AB427FA5 /* CoreLocation.framework in Frameworks */,
				56F83BAE33824E6EABB5729F /* AVFoundation.framework in Frameworks */,
				DB274D8B1DE28FD20057C162 /* ShareSDKConnector.framework in Frameworks */,
			);
			runOnlyForDeploymentPostprocessing = 0;
		};
/* End PBXFrameworksBuildPhase section */

/* Begin PBXGroup section */
		080E96DDFE201D6D7F000001 /* Classes */ = {
			isa = PBXGroup;
			children = (
				302D95EE14D2391D003F00A1 /* MainViewController.h */,
				302D95EF14D2391D003F00A1 /* MainViewController.m */,
				302D95F014D2391D003F00A1 /* MainViewController.xib */,
				1D3623240D0F684500981E51 /* AppDelegate.h */,
				1D3623250D0F684500981E51 /* AppDelegate.m */,
			);
			name = Classes;
			path = PluginFac/Classes;
			sourceTree = SOURCE_ROOT;
		};
		19C28FACFE9D520D11CA2CBB /* Products */ = {
			isa = PBXGroup;
			children = (
				1D6058910D05DD3D006BFB54 /* PluginFac.app */,
			);
			name = Products;
			sourceTree = "<group>";
		};
		29B97314FDCFA39411CA2CEA /* CustomTemplate */ = {
			isa = PBXGroup;
			children = (
				EB87FDF41871DAF40020F90C /* config.xml */,
				EB87FDF31871DA8E0020F90C /* www */,
				EB87FDF11871DA420020F90C /* Staging */,
				301BF52D109A57CC0062928A /* CordovaLib.xcodeproj */,
				080E96DDFE201D6D7F000001 /* Classes */,
				307C750510C5A3420062BCA9 /* Plugins */,
				29B97315FDCFA39411CA2CEA /* Other Sources */,
				29B97317FDCFA39411CA2CEA /* Resources */,
				29B97323FDCFA39411CA2CEA /* Frameworks */,
				19C28FACFE9D520D11CA2CBB /* Products */,
			);
			name = CustomTemplate;
			sourceTree = "<group>";
		};
		29B97315FDCFA39411CA2CEA /* Other Sources */ = {
			isa = PBXGroup;
			children = (
				DB4B51D81DD9C2330023813A /* SDWebImage */,
				32CA4F630368D1EE00C91783 /* PluginFac-Prefix.pch */,
				DBE035A41DE340C000B44DB9 /* FMDB */,
				29B97316FDCFA39411CA2CEA /* main.m */,
				ED33DF2A687741AEAF9F8254 /* Bridging-Header.h */,
				DB274D471DE28FD20057C162 /* ShareSDK */,
			);
			name = "Other Sources";
			path = PluginFac;
			sourceTree = "<group>";
		};
		29B97317FDCFA39411CA2CEA /* Resources */ = {
			isa = PBXGroup;
			children = (
				0207DA571B56EA530066E2B4 /* Images.xcassets */,
				3047A50E1AB8057F00498E2A /* config */,
				8D1107310486CEB800E47090 /* PluginFac-Info.plist */,
			);
			name = Resources;
			path = PluginFac/Resources;
			sourceTree = "<group>";
		};
		29B97323FDCFA39411CA2CEA /* Frameworks */ = {
			isa = PBXGroup;
			children = (
				DB274D431DE289050057C162 /* MessageUI.framework */,
				DB274D411DE288F40057C162 /* libsqlite3.tbd */,
				DB274D3F1DE288E30057C162 /* JavaScriptCore.framework */,
				DB274D3D1DE288DE0057C162 /* libstdc++.tbd */,
				DB274D3B1DE288D50057C162 /* libz.tbd */,
				DB274D391DE288CD0057C162 /* libicucore.tbd */,
				28345A65B8FD4B92BF378458 /* ImageIO.framework */,
				FAB0B98EA08042B38EE839EC /* CoreLocation.framework */,
				47D611EA16174AB2A65E6EF9 /* AVFoundation.framework */,
			);
			name = Frameworks;
			sourceTree = "<group>";
		};
		301BF52E109A57CC0062928A /* Products */ = {
			isa = PBXGroup;
			children = (
				301BF535109A57CC0062928A /* libCordova.a */,
			);
			name = Products;
			sourceTree = "<group>";
		};
		3047A50E1AB8057F00498E2A /* config */ = {
			isa = PBXGroup;
			children = (
				3047A50F1AB8059700498E2A /* build-debug.xcconfig */,
				3047A5101AB8059700498E2A /* build-release.xcconfig */,
				3047A5111AB8059700498E2A /* build.xcconfig */,
			);
			name = config;
			sourceTree = "<group>";
		};
		307C750510C5A3420062BCA9 /* Plugins */ = {
			isa = PBXGroup;
			children = (
				922F52FBFB384244AAAFACD6 /* CDVLogger.m */,
				F1869851AA4B4280B26EF5A5 /* CDVLogger.h */,
				83CAF0B9BC664DC9B3782B14 /* CDVDevice.m */,
				9B1BB6A62905472EB223DDE4 /* CDVDevice.h */,
				C463C2DAD1574450B216389D /* CDVSplashScreen.m */,
				4F680A6577AF4E11B0647B09 /* CDVViewController+SplashScreen.m */,
				F36E04AE0852440CAEA103A2 /* CDVSplashScreen.h */,
				86FE686546EB40CFB1CA68C6 /* CDVViewController+SplashScreen.h */,
				7215215AA2FA49AA857B6A81 /* CDVStatusBar.m */,
				BCC60700A96548BC8E836A44 /* CDVStatusBar.h */,
				703956FDCA3F426BAD14DCC2 /* IonicKeyboard.m */,
				9DFB337E20424DEFAD94A73D /* IonicKeyboard.h */,
				4EC6EE3F23B648DD91625727 /* UIImage+CropScaleOrientation.m */,
				060E2A46A1F54D5882D23615 /* CDVCamera.m */,
				11ECACAFD5004D2998757399 /* CDVJpegHeaderWriter.m */,
				AAD57D90FCFE42688E2C3352 /* UIImage+CropScaleOrientation.h */,
				B8FA5BF8009542B2B17CFF31 /* CDVCamera.h */,
				954B8C591C3D4841AAA12CB7 /* CDVJpegHeaderWriter.h */,
				379E53D1B9484AFFA3145215 /* CDVExif.h */,
				5AECFC2933C345DC9F07F6A6 /* HGImageManager.h */,
				9AB24336C2C54594A43E1A4E /* HGImageManager.m */,
				DBE035C21DE3410100B44DB9 /* SQLManager */,
				DBE035C11DE340FA00B44DB9 /* share */,
			);
			name = Plugins;
			path = PluginFac/Plugins;
			sourceTree = SOURCE_ROOT;
		};
		DB274D471DE28FD20057C162 /* ShareSDK */ = {
			isa = PBXGroup;
			children = (
				DB274D481DE28FD20057C162 /* ShareSDK.framework */,
				DB274D491DE28FD20057C162 /* Support */,
			);
			path = ShareSDK;
			sourceTree = "<group>";
		};
		DB274D491DE28FD20057C162 /* Support */ = {
			isa = PBXGroup;
			children = (
				DB274D4A1DE28FD20057C162 /* Optional */,
				DB274D501DE28FD20057C162 /* PlatformConnector */,
				DB274D581DE28FD20057C162 /* PlatformSDK */,
				DB274D711DE28FD20057C162 /* Required */,
			);
			path = Support;
			sourceTree = "<group>";
		};
		DB274D4A1DE28FD20057C162 /* Optional */ = {
			isa = PBXGroup;
			children = (
				DB274D4B1DE28FD20057C162 /* ShareSDKConfigFile.bundle */,
				DB274D4C1DE28FD20057C162 /* ShareSDKConfigFile.framework */,
				DB274D4D1DE28FD20057C162 /* ShareSDKExtension.framework */,
				DB274D4E1DE28FD20057C162 /* ShareSDKUI.bundle */,
				DB274D4F1DE28FD20057C162 /* ShareSDKUI.framework */,
			);
			path = Optional;
			sourceTree = "<group>";
		};
		DB274D501DE28FD20057C162 /* PlatformConnector */ = {
			isa = PBXGroup;
			children = (
				DB274D511DE28FD20057C162 /* CopyConnector.framework */,
				DB274D521DE28FD20057C162 /* FacebookConnector.framework */,
				DB274D531DE28FD20057C162 /* MailConnector.framework */,
				DB274D541DE28FD20057C162 /* QQConnector.framework */,
				DB274D551DE28FD20057C162 /* SinaWeiboConnector.framework */,
				DB274D561DE28FD20057C162 /* SMSConnector.framework */,
				DB274D571DE28FD20057C162 /* WechatConnector.framework */,
			);
			path = PlatformConnector;
			sourceTree = "<group>";
		};
		DB274D581DE28FD20057C162 /* PlatformSDK */ = {
			isa = PBXGroup;
			children = (
				DB274D591DE28FD20057C162 /* QQSDK */,
				DB274D5C1DE28FD20057C162 /* SinaWeiboSDK */,
				DB274D6A1DE28FD20057C162 /* WeChatSDK */,
			);
			path = PlatformSDK;
			sourceTree = "<group>";
		};
		DB274D591DE28FD20057C162 /* QQSDK */ = {
			isa = PBXGroup;
			children = (
				DB274D5A1DE28FD20057C162 /* TencentOpenAPI.framework */,
				DB274D5B1DE28FD20057C162 /* TencentOpenApi_IOS_Bundle.bundle */,
			);
			path = QQSDK;
			sourceTree = "<group>";
		};
		DB274D5C1DE28FD20057C162 /* SinaWeiboSDK */ = {
			isa = PBXGroup;
			children = (
				DB274D5D1DE28FD20057C162 /* libWeiboSDK.a */,
				DB274D5E1DE28FD20057C162 /* WBHttpRequest+WeiboGame.h */,
				DB274D5F1DE28FD20057C162 /* WBHttpRequest+WeiboShare.h */,
				DB274D601DE28FD20057C162 /* WBHttpRequest+WeiboToken.h */,
				DB274D611DE28FD20057C162 /* WBHttpRequest+WeiboUser.h */,
				DB274D621DE28FD20057C162 /* WBHttpRequest.h */,
				DB274D631DE28FD20057C162 /* WBSDKBasicButton.h */,
				DB274D641DE28FD20057C162 /* WBSDKCommentButton.h */,
				DB274D651DE28FD20057C162 /* WBSDKRelationshipButton.h */,
				DB274D661DE28FD20057C162 /* WeiboSDK+Statistics.h */,
				DB274D671DE28FD20057C162 /* WeiboSDK.bundle */,
				DB274D681DE28FD20057C162 /* WeiboSDK.h */,
				DB274D691DE28FD20057C162 /* WeiboUser.h */,
			);
			path = SinaWeiboSDK;
			sourceTree = "<group>";
		};
		DB274D6A1DE28FD20057C162 /* WeChatSDK */ = {
			isa = PBXGroup;
			children = (
				DB274D6B1DE28FD20057C162 /* libWeChatSDK.a */,
				DB274D6C1DE28FD20057C162 /* read_me.txt */,
				DB274D6D1DE28FD20057C162 /* README.txt */,
				DB274D6E1DE28FD20057C162 /* WechatAuthSDK.h */,
				DB274D6F1DE28FD20057C162 /* WXApi.h */,
				DB274D701DE28FD20057C162 /* WXApiObject.h */,
			);
			path = WeChatSDK;
			sourceTree = "<group>";
		};
		DB274D711DE28FD20057C162 /* Required */ = {
			isa = PBXGroup;
			children = (
				DB274D721DE28FD20057C162 /* MOBFoundation.framework */,
				DB274D731DE28FD20057C162 /* ShareSDK.bundle */,
				DB274D741DE28FD20057C162 /* ShareSDKConnector.framework */,
			);
			path = Required;
			sourceTree = "<group>";
		};
		DB4B51D81DD9C2330023813A /* SDWebImage */ = {
			isa = PBXGroup;
			children = (
				DB4B51D91DD9C2330023813A /* MKAnnotationView+WebCache.h */,
				DB4B51DA1DD9C2330023813A /* MKAnnotationView+WebCache.m */,
				DB4B51DB1DD9C2330023813A /* NSData+ImageContentType.h */,
				DB4B51DC1DD9C2330023813A /* NSData+ImageContentType.m */,
				DB4B51DD1DD9C2330023813A /* SDImageCache.h */,
				DB4B51DE1DD9C2330023813A /* SDImageCache.m */,
				DB4B51DF1DD9C2330023813A /* SDWebImageCompat.h */,
				DB4B51E01DD9C2330023813A /* SDWebImageCompat.m */,
				DB4B51E11DD9C2330023813A /* SDWebImageDecoder.h */,
				DB4B51E21DD9C2330023813A /* SDWebImageDecoder.m */,
				DB4B51E31DD9C2330023813A /* SDWebImageDownloader.h */,
				DB4B51E41DD9C2330023813A /* SDWebImageDownloader.m */,
				DB4B51E51DD9C2330023813A /* SDWebImageDownloaderOperation.h */,
				DB4B51E61DD9C2330023813A /* SDWebImageDownloaderOperation.m */,
				DB4B51E71DD9C2330023813A /* SDWebImageManager.h */,
				DB4B51E81DD9C2330023813A /* SDWebImageManager.m */,
				DB4B51E91DD9C2330023813A /* SDWebImageOperation.h */,
				DB4B51EA1DD9C2330023813A /* SDWebImagePrefetcher.h */,
				DB4B51EB1DD9C2330023813A /* SDWebImagePrefetcher.m */,
				DB4B51EC1DD9C2330023813A /* UIButton+WebCache.h */,
				DB4B51ED1DD9C2330023813A /* UIButton+WebCache.m */,
				DB4B51EE1DD9C2330023813A /* UIImage+GIF.h */,
				DB4B51EF1DD9C2330023813A /* UIImage+GIF.m */,
				DB4B51F01DD9C2330023813A /* UIImage+MultiFormat.h */,
				DB4B51F11DD9C2330023813A /* UIImage+MultiFormat.m */,
				DB4B51F21DD9C2330023813A /* UIImage+WebP.h */,
				DB4B51F31DD9C2330023813A /* UIImage+WebP.m */,
				DB4B51F41DD9C2330023813A /* UIImageView+HighlightedWebCache.h */,
				DB4B51F51DD9C2330023813A /* UIImageView+HighlightedWebCache.m */,
				DB4B51F61DD9C2330023813A /* UIImageView+WebCache.h */,
				DB4B51F71DD9C2330023813A /* UIImageView+WebCache.m */,
				DB4B51F81DD9C2330023813A /* UIView+WebCacheOperation.h */,
				DB4B51F91DD9C2330023813A /* UIView+WebCacheOperation.m */,
			);
			path = SDWebImage;
			sourceTree = "<group>";
		};
		DBE035A41DE340C000B44DB9 /* FMDB */ = {
			isa = PBXGroup;
			children = (
				DBE035A51DE340C000B44DB9 /* FMDatabase.h */,
				DBE035A61DE340C000B44DB9 /* FMDatabase.m */,
				DBE035A71DE340C000B44DB9 /* FMDatabaseAdditions.h */,
				DBE035A81DE340C000B44DB9 /* FMDatabaseAdditions.m */,
				DBE035A91DE340C000B44DB9 /* FMDatabasePool.h */,
				DBE035AA1DE340C000B44DB9 /* FMDatabasePool.m */,
				DBE035AB1DE340C000B44DB9 /* FMDatabaseQueue.h */,
				DBE035AC1DE340C000B44DB9 /* FMDatabaseQueue.m */,
				DBE035AD1DE340C000B44DB9 /* FMDB.h */,
				DBE035B01DE340C000B44DB9 /* FMResultSet.h */,
				DBE035B11DE340C000B44DB9 /* FMResultSet.m */,
			);
			path = FMDB;
			sourceTree = "<group>";
		};
		DBE035C11DE340FA00B44DB9 /* share */ = {
			isa = PBXGroup;
			children = (
				79D39F0AF9884A7695110553 /* UIColor+NSString.h */,
				05DC4183E09A4AFC87E65E4D /* UIColor+NSString.m */,
				98035F39584B4E0AA8E926CB /* HGPlatform.h */,
				72F7E2CE8D6B4F57A425B9BD /* HGPlatform.m */,
				371A4FD23C4A4897881F04CF /* HGShareSDKBox.h */,
				F754ADCB4A624EF8BF749BAE /* HGShareSDKBox.m */,
				77D418F3BEDB496CBD07C4A5 /* NSDictionary+Argument.m */,
				D20A92FF116C421593B55E76 /* NSDictionary+Argument.h */,
			);
			name = share;
			sourceTree = "<group>";
		};
		DBE035C21DE3410100B44DB9 /* SQLManager */ = {
			isa = PBXGroup;
			children = (
				7475AE94885144648FAF5619 /* HGSQLManager.h */,
				EFB696ED675B4698A4FF8497 /* HGSQLManager.m */,
				839CA1926F58451190557F0D /* HGSQLConnection.m */,
				4444BA7BCF4E48D2B48E3CD8 /* NSDictionary+dataManager.m */,
				3B447135F713438D9BB1E35C /* HGSQLConnection.h */,
				3052221BE770421EA986DC6C /* NSDictionary+dataManager.h */,
			);
			name = SQLManager;
			sourceTree = "<group>";
		};
		EB87FDF11871DA420020F90C /* Staging */ = {
			isa = PBXGroup;
			children = (
				F840E1F0165FE0F500CFE078 /* config.xml */,
				301BF56E109A69640062928A /* www */,
			);
			name = Staging;
			sourceTree = "<group>";
		};
/* End PBXGroup section */

/* Begin PBXNativeTarget section */
		1D6058900D05DD3D006BFB54 /* PluginFac */ = {
			isa = PBXNativeTarget;
			buildConfigurationList = 1D6058960D05DD3E006BFB54 /* Build configuration list for PBXNativeTarget "PluginFac" */;
			buildPhases = (
				304B58A110DAC018002A0835 /* Copy www directory */,
				1D60588D0D05DD3D006BFB54 /* Resources */,
				1D60588E0D05DD3D006BFB54 /* Sources */,
				1D60588F0D05DD3D006BFB54 /* Frameworks */,
			);
			buildRules = (
			);
			dependencies = (
				301BF551109A68C00062928A /* PBXTargetDependency */,
			);
			name = PluginFac;
			productName = PluginFac;
			productReference = 1D6058910D05DD3D006BFB54 /* PluginFac.app */;
			productType = "com.apple.product-type.application";
		};
/* End PBXNativeTarget section */

/* Begin PBXProject section */
		29B97313FDCFA39411CA2CEA /* Project object */ = {
			isa = PBXProject;
			attributes = {
				LastUpgradeCheck = 510;
				TargetAttributes = {
					1D6058900D05DD3D006BFB54 = {
						DevelopmentTeam = KJ2S48C9J9;
					};
				};
			};
			buildConfigurationList = C01FCF4E08A954540054247B /* Build configuration list for PBXProject "PluginFac" */;
			compatibilityVersion = "Xcode 3.2";
			developmentRegion = English;
			hasScannedForEncodings = 1;
			knownRegions = (
				en,
			);
			mainGroup = 29B97314FDCFA39411CA2CEA /* CustomTemplate */;
			projectDirPath = "";
			projectReferences = (
				{
					ProductGroup = 301BF52E109A57CC0062928A /* Products */;
					ProjectRef = 301BF52D109A57CC0062928A /* CordovaLib.xcodeproj */;
				},
			);
			projectRoot = "";
			targets = (
				1D6058900D05DD3D006BFB54 /* PluginFac */,
			);
		};
/* End PBXProject section */

/* Begin PBXReferenceProxy section */
		301BF535109A57CC0062928A /* libCordova.a */ = {
			isa = PBXReferenceProxy;
			fileType = archive.ar;
			path = libCordova.a;
			remoteRef = 301BF534109A57CC0062928A /* PBXContainerItemProxy */;
			sourceTree = BUILT_PRODUCTS_DIR;
		};
/* End PBXReferenceProxy section */

/* Begin PBXResourcesBuildPhase section */
		1D60588D0D05DD3D006BFB54 /* Resources */ = {
			isa = PBXResourcesBuildPhase;
			buildActionMask = 2147483647;
			files = (
				DB274D831DE28FD20057C162 /* TencentOpenApi_IOS_Bundle.bundle in Resources */,
				302D95F214D2391D003F00A1 /* MainViewController.xib in Resources */,
				DB274D881DE28FD20057C162 /* README.txt in Resources */,
				3047A5131AB8059700498E2A /* build-release.xcconfig in Resources */,
				DB274D8A1DE28FD20057C162 /* ShareSDK.bundle in Resources */,
				DB274D791DE28FD20057C162 /* ShareSDKUI.bundle in Resources */,
				DB274D871DE28FD20057C162 /* read_me.txt in Resources */,
				DB274D761DE28FD20057C162 /* ShareSDKConfigFile.bundle in Resources */,
				DB274D851DE28FD20057C162 /* WeiboSDK.bundle in Resources */,
				3047A5141AB8059700498E2A /* build.xcconfig in Resources */,
				0207DA581B56EA530066E2B4 /* Images.xcassets in Resources */,
				3047A5121AB8059700498E2A /* build-debug.xcconfig in Resources */,
			);
			runOnlyForDeploymentPostprocessing = 0;
		};
/* End PBXResourcesBuildPhase section */

/* Begin PBXShellScriptBuildPhase section */
		304B58A110DAC018002A0835 /* Copy www directory */ = {
			isa = PBXShellScriptBuildPhase;
			buildActionMask = 2147483647;
			files = (
			);
			inputPaths = (
			);
			name = "Copy www directory";
			outputPaths = (
			);
			runOnlyForDeploymentPostprocessing = 0;
			shellPath = /bin/sh;
			shellScript = "NODEJS_PATH=/usr/local/bin; NVM_NODE_PATH=~/.nvm/versions/node/`nvm version 2>/dev/null`/bin; N_NODE_PATH=`find /usr/local/n/versions/node/* -maxdepth 0 -type d 2>/dev/null | tail -1`/bin; XCODE_NODE_PATH=`xcode-select --print-path`/usr/share/xcs/Node/bin; PATH=$NODEJS_PATH:$NVM_NODE_PATH:$N_NODE_PATH:$XCODE_NODE_PATH:$PATH && node cordova/lib/copy-www-build-step.js";
			showEnvVarsInLog = 0;
		};
/* End PBXShellScriptBuildPhase section */

/* Begin PBXSourcesBuildPhase section */
		1D60588E0D05DD3D006BFB54 /* Sources */ = {
			isa = PBXSourcesBuildPhase;
			buildActionMask = 2147483647;
			files = (
				DB4B52071DD9C2330023813A /* UIImageView+HighlightedWebCache.m in Sources */,
				DB4B51FE1DD9C2330023813A /* SDWebImageDecoder.m in Sources */,
				DB4B52081DD9C2330023813A /* UIImageView+WebCache.m in Sources */,
				1D60589B0D05DD56006BFB54 /* main.m in Sources */,
				DB4B52001DD9C2330023813A /* SDWebImageDownloaderOperation.m in Sources */,
				DB4B52011DD9C2330023813A /* SDWebImageManager.m in Sources */,
				DBE035BD1DE340C000B44DB9 /* FMResultSet.m in Sources */,
				1D3623260D0F684500981E51 /* AppDelegate.m in Sources */,
				302D95F114D2391D003F00A1 /* MainViewController.m in Sources */,
				DB4B51FF1DD9C2330023813A /* SDWebImageDownloader.m in Sources */,
				DB4B51FA1DD9C2330023813A /* MKAnnotationView+WebCache.m in Sources */,
				DB4B51FD1DD9C2330023813A /* SDWebImageCompat.m in Sources */,
				DB4B52021DD9C2330023813A /* SDWebImagePrefetcher.m in Sources */,
				DBE035BB1DE340C000B44DB9 /* FMDatabaseQueue.m in Sources */,
				DB4B52091DD9C2330023813A /* UIView+WebCacheOperation.m in Sources */,
				DBE035BA1DE340C000B44DB9 /* FMDatabasePool.m in Sources */,
				DB4B52051DD9C2330023813A /* UIImage+MultiFormat.m in Sources */,
				436869A9EA8140278EC5B891 /* CDVLogger.m in Sources */,
				743FCA6C29664E0FBDF9BEC2 /* CDVDevice.m in Sources */,
				DB4B52031DD9C2330023813A /* UIButton+WebCache.m in Sources */,
				854920AEF25A4155BA4C037A /* CDVSplashScreen.m in Sources */,
				DB4B51FC1DD9C2330023813A /* SDImageCache.m in Sources */,
				DBE035B91DE340C000B44DB9 /* FMDatabaseAdditions.m in Sources */,
				6C35630F2B134DC39A114955 /* CDVViewController+SplashScreen.m in Sources */,
				54BEEED535204442BA0BF219 /* CDVStatusBar.m in Sources */,
				DBE035B81DE340C000B44DB9 /* FMDatabase.m in Sources */,
				2CBE69A53C714747A8A34F7E /* IonicKeyboard.m in Sources */,
				DB4B52041DD9C2330023813A /* UIImage+GIF.m in Sources */,
				DB4B51FB1DD9C2330023813A /* NSData+ImageContentType.m in Sources */,
				DB4B52061DD9C2330023813A /* UIImage+WebP.m in Sources */,
				AF37E21FF389472C9A7CB4DB /* UIImage+CropScaleOrientation.m in Sources */,
				9FFBF0BB53A04E889ACB11BE /* CDVCamera.m in Sources */,
				43361B5CF1154868BC66CEDE /* CDVJpegHeaderWriter.m in Sources */,
				02C379C061FE40A08E8066E2 /* HGImageManager.m in Sources */,
				3C4115BBB5684EA582EF558A /* HGShareSDKBox.m in Sources */,
				A6AF6A2D77294B31A5088A0B /* NSDictionary+Argument.m in Sources */,
				1F133679A9D4425394442B93 /* UIColor+NSString.m in Sources */,
				787787578B0843D59FB7A183 /* HGPlatform.m in Sources */,
				240FF552820C4A0093EC7A12 /* HGSQLManager.m in Sources */,
				FFB1DD983D3F4BB6999EA2E3 /* HGSQLConnection.m in Sources */,
				433FCED54A094393AE292CEE /* NSDictionary+dataManager.m in Sources */,
			);
			runOnlyForDeploymentPostprocessing = 0;
		};
/* End PBXSourcesBuildPhase section */

/* Begin PBXTargetDependency section */
		301BF551109A68C00062928A /* PBXTargetDependency */ = {
			isa = PBXTargetDependency;
			name = CordovaLib;
			targetProxy = 301BF550109A68C00062928A /* PBXContainerItemProxy */;
		};
/* End PBXTargetDependency section */

/* Begin XCBuildConfiguration section */
		1D6058940D05DD3E006BFB54 /* Debug */ = {
			isa = XCBuildConfiguration;
			baseConfigurationReference = 3047A50F1AB8059700498E2A /* build-debug.xcconfig */;
			buildSettings = {
				ALWAYS_SEARCH_USER_PATHS = NO;
				ASSETCATALOG_COMPILER_APPICON_NAME = AppIcon;
				ASSETCATALOG_COMPILER_LAUNCHIMAGE_NAME = LaunchImage;
				CLANG_ENABLE_MODULES = YES;
				CLANG_ENABLE_OBJC_ARC = YES;
				COPY_PHASE_STRIP = NO;
				DEVELOPMENT_TEAM = KJ2S48C9J9;
				FRAMEWORK_SEARCH_PATHS = (
					"$(inherited)",
					"$(PROJECT_DIR)/PluginFac/ShareSDK",
					"$(PROJECT_DIR)/PluginFac/ShareSDK/Support/Optional",
					"$(PROJECT_DIR)/PluginFac/ShareSDK/Support/PlatformConnector",
					"$(PROJECT_DIR)/PluginFac/ShareSDK/Support/Required",
					"$(PROJECT_DIR)/PluginFac/ShareSDK/Support/PlatformSDK/QQSDK",
				);
				GCC_DYNAMIC_NO_PIC = NO;
				GCC_OPTIMIZATION_LEVEL = 0;
				GCC_PRECOMPILE_PREFIX_HEADER = YES;
				GCC_PREFIX_HEADER = "PluginFac/PluginFac-Prefix.pch";
				GCC_THUMB_SUPPORT = NO;
				GCC_VERSION = "";
				INFOPLIST_FILE = "PluginFac/PluginFac-Info.plist";
				IPHONEOS_DEPLOYMENT_TARGET = 8.0;
				LD_RUNPATH_SEARCH_PATHS = "@executable_path/Frameworks";
				LIBRARY_SEARCH_PATHS = (
					"$(inherited)",
					"$(PROJECT_DIR)/PluginFac/ShareSDK/Support/PlatformSDK/WeChatSDK",
					"$(PROJECT_DIR)/PluginFac/ShareSDK/Support/PlatformSDK/SinaWeiboSDK",
				);
				PRODUCT_NAME = PluginFac;
			};
			name = Debug;
		};
		1D6058950D05DD3E006BFB54 /* Release */ = {
			isa = XCBuildConfiguration;
			baseConfigurationReference = 3047A5101AB8059700498E2A /* build-release.xcconfig */;
			buildSettings = {
				ALWAYS_SEARCH_USER_PATHS = NO;
				ASSETCATALOG_COMPILER_APPICON_NAME = AppIcon;
				ASSETCATALOG_COMPILER_LAUNCHIMAGE_NAME = LaunchImage;
				CLANG_ENABLE_MODULES = YES;
				CLANG_ENABLE_OBJC_ARC = YES;
				COPY_PHASE_STRIP = YES;
				DEVELOPMENT_TEAM = KJ2S48C9J9;
				FRAMEWORK_SEARCH_PATHS = (
					"$(inherited)",
					"$(PROJECT_DIR)/PluginFac/ShareSDK",
					"$(PROJECT_DIR)/PluginFac/ShareSDK/Support/Optional",
					"$(PROJECT_DIR)/PluginFac/ShareSDK/Support/PlatformConnector",
					"$(PROJECT_DIR)/PluginFac/ShareSDK/Support/Required",
					"$(PROJECT_DIR)/PluginFac/ShareSDK/Support/PlatformSDK/QQSDK",
				);
				GCC_PRECOMPILE_PREFIX_HEADER = YES;
				GCC_PREFIX_HEADER = "PluginFac/PluginFac-Prefix.pch";
				GCC_THUMB_SUPPORT = NO;
				GCC_VERSION = "";
				INFOPLIST_FILE = "PluginFac/PluginFac-Info.plist";
				IPHONEOS_DEPLOYMENT_TARGET = 8.0;
				LIBRARY_SEARCH_PATHS = (
					"$(inherited)",
					"$(PROJECT_DIR)/PluginFac/ShareSDK/Support/PlatformSDK/WeChatSDK",
					"$(PROJECT_DIR)/PluginFac/ShareSDK/Support/PlatformSDK/SinaWeiboSDK",
				);
				PRODUCT_NAME = PluginFac;
			};
			name = Release;
		};
		C01FCF4F08A954540054247B /* Debug */ = {
			isa = XCBuildConfiguration;
			baseConfigurationReference = 3047A5111AB8059700498E2A /* build.xcconfig */;
			buildSettings = {
				CLANG_ENABLE_MODULES = YES;
				CLANG_ENABLE_OBJC_ARC = YES;
				CLANG_WARN_BOOL_CONVERSION = YES;
				CLANG_WARN_CONSTANT_CONVERSION = YES;
				CLANG_WARN_EMPTY_BODY = YES;
				CLANG_WARN_ENUM_CONVERSION = YES;
				CLANG_WARN_INT_CONVERSION = YES;
				CLANG_WARN__DUPLICATE_METHOD_MATCH = YES;
				GCC_C_LANGUAGE_STANDARD = c99;
				GCC_THUMB_SUPPORT = NO;
				GCC_VERSION = "";
				GCC_WARN_ABOUT_RETURN_TYPE = YES;
				GCC_WARN_UNDECLARED_SELECTOR = YES;
				GCC_WARN_UNINITIALIZED_AUTOS = YES;
				GCC_WARN_UNUSED_FUNCTION = YES;
				GCC_WARN_UNUSED_VARIABLE = YES;
				ONLY_ACTIVE_ARCH = YES;
				PRODUCT_NAME = PluginFac;
				SDKROOT = iphoneos;
				SKIP_INSTALL = NO;
			};
			name = Debug;
		};
		C01FCF5008A954540054247B /* Release */ = {
			isa = XCBuildConfiguration;
			baseConfigurationReference = 3047A5111AB8059700498E2A /* build.xcconfig */;
			buildSettings = {
				CLANG_ENABLE_MODULES = YES;
				CLANG_ENABLE_OBJC_ARC = YES;
				CLANG_WARN_BOOL_CONVERSION = YES;
				CLANG_WARN_CONSTANT_CONVERSION = YES;
				CLANG_WARN_EMPTY_BODY = YES;
				CLANG_WARN_ENUM_CONVERSION = YES;
				CLANG_WARN_INT_CONVERSION = YES;
				CLANG_WARN__DUPLICATE_METHOD_MATCH = YES;
				GCC_C_LANGUAGE_STANDARD = c99;
				GCC_THUMB_SUPPORT = NO;
				GCC_VERSION = "";
				GCC_WARN_ABOUT_RETURN_TYPE = YES;
				GCC_WARN_UNDECLARED_SELECTOR = YES;
				GCC_WARN_UNINITIALIZED_AUTOS = YES;
				GCC_WARN_UNUSED_FUNCTION = YES;
				GCC_WARN_UNUSED_VARIABLE = YES;
				PRODUCT_NAME = PluginFac;
				SDKROOT = iphoneos;
				SKIP_INSTALL = NO;
			};
			name = Release;
		};
/* End XCBuildConfiguration section */

/* Begin XCConfigurationList section */
		1D6058960D05DD3E006BFB54 /* Build configuration list for PBXNativeTarget "PluginFac" */ = {
			isa = XCConfigurationList;
			buildConfigurations = (
				1D6058940D05DD3E006BFB54 /* Debug */,
				1D6058950D05DD3E006BFB54 /* Release */,
			);
			defaultConfigurationIsVisible = 0;
			defaultConfigurationName = Release;
		};
		C01FCF4E08A954540054247B /* Build configuration list for PBXProject "PluginFac" */ = {
			isa = XCConfigurationList;
			buildConfigurations = (
				C01FCF4F08A954540054247B /* Debug */,
				C01FCF5008A954540054247B /* Release */,
			);
			defaultConfigurationIsVisible = 0;
			defaultConfigurationName = Release;
		};
/* End XCConfigurationList section */
	};
	rootObject = 29B97313FDCFA39411CA2CEA /* Project object */;
}
